
Microsoft Visual Studio Solution File, Format Version 12.00
# Visual Studio Version 17
VisualStudioVersion = 17.0.32112.339
MinimumVisualStudioVersion = 10.0.40219.1
Project("{9A19103F-16F7-4668-BE54-9A1E7A4F7556}") = "Test1", "Test1\Test1.csproj", "{90D9ADEF-5721-4F97-A781-AA0DCB705AC7}"
EndProject
Project("{9A19103F-16F7-4668-BE54-9A1E7A4F7556}") = "Grpc", "Grpc\Grpc.csproj", "{6FFF9862-C7C6-4104-81C5-9A76CE9099E2}"
EndProject
Project("{E53339B2-1760-4266-BCC7-CA923CBCF16C}") = "docker-compose", "docker-compose.dcproj", "{C16918D0-A1AB-4A38-90E5-695F38CE8F44}"
EndProject
Global
	GlobalSection(SolutionConfigurationPlatforms) = preSolution
		Debug|Any CPU = Debug|Any CPU
		Release|Any CPU = Release|Any CPU
	EndGlobalSection
	GlobalSection(ProjectConfigurationPlatforms) = postSolution
		{90D9ADEF-5721-4F97-A781-AA0DCB705AC7}.Debug|Any CPU.ActiveCfg = Debug|Any CPU
		{90D9ADEF-5721-4F97-A781-AA0DCB705AC7}.Debug|Any CPU.Build.0 = Debug|Any CPU
		{90D9ADEF-5721-4F97-A781-AA0DCB705AC7}.Release|Any CPU.ActiveCfg = Release|Any CPU
		{90D9ADEF-5721-4F97-A781-AA0DCB705AC7}.Release|Any CPU.Build.0 = Release|Any CPU
		{6FFF9862-C7C6-4104-81C5-9A76CE9099E2}.Debug|Any CPU.ActiveCfg = Debug|Any CPU
		{6FFF9862-C7C6-4104-81C5-9A76CE9099E2}.Debug|Any CPU.Build.0 = Debug|Any CPU
		{6FFF9862-C7C6-4104-81C5-9A76CE9099E2}.Release|Any CPU.ActiveCfg = Release|Any CPU
		{6FFF9862-C7C6-4104-81C5-9A76CE9099E2}.Release|Any CPU.Build.0 = Release|Any CPU
		{C16918D0-A1AB-4A38-90E5-695F38CE8F44}.Debug|Any CPU.ActiveCfg = Debug|Any CPU
		{C16918D0-A1AB-4A38-90E5-695F38CE8F44}.Debug|Any CPU.Build.0 = Debug|Any CPU
		{C16918D0-A1AB-4A38-90E5-695F38CE8F44}.Release|Any CPU.ActiveCfg = Release|Any CPU
		{C16918D0-A1AB-4A38-90E5-695F38CE8F44}.Release|Any CPU.Build.0 = Release|Any CPU
	EndGlobalSection
	GlobalSection(SolutionProperties) = preSolution
		HideSolutionNode = FALSE
	EndGlobalSection
	GlobalSection(ExtensibilityGlobals) = postSolution
		SolutionGuid = {C6037EC7-D49B-4BA0-8E12-48B6D74C38A9}
	EndGlobalSection
EndGlobal
